
Microsoft Visual Studio Solution File, Format Version 12.00
# Visual Studio Version 17
VisualStudioVersion = 17.0.31903.59
MinimumVisualStudioVersion = 10.0.40219.1
Project("{2150E333-8FDC-42A3-9474-1A3956D46DE8}") = "src", "src", "{7B62B6E0-6358-49F6-95C6-3CE5F713B370}"
EndProject
Project("{FAE04EC0-301F-11D3-BF4B-00C04F79EFBC}") = "Authentication", "src\Authentication\Authentication.csproj", "{BEF9FF16-56C1-4D0E-8CE3-171D8FA6E14B}"
EndProject
Project("{FAE04EC0-301F-11D3-BF4B-00C04F79EFBC}") = "API", "src\API\API.csproj", "{2C03C042-BC6D-4D09-BED0-311629DF9A96}"
EndProject
Project("{FAE04EC0-301F-11D3-BF4B-00C04F79EFBC}") = "Application", "src\Application\Application.csproj", "{863F4720-4A96-4390-887C-BB2FAD18C5A0}"
EndProject
Project("{FAE04EC0-301F-11D3-BF4B-00C04F79EFBC}") = "Domain", "src\Domain\Domain.csproj", "{B486D6CD-3E1F-44A6-8A63-D0C2F2F0D5DA}"
EndProject
Project("{FAE04EC0-301F-11D3-BF4B-00C04F79EFBC}") = "Infrastructure", "src\Infrastructure\Infrastructure.csproj", "{B72C901C-51F9-4027-8F2C-08D1F4A95368}"
EndProject
Project("{2150E333-8FDC-42A3-9474-1A3956D46DE8}") = "tests", "tests", "{77A61826-2CE1-4393-B248-5D5BC250C8EF}"
EndProject
Project("{FAE04EC0-301F-11D3-BF4B-00C04F79EFBC}") = "UnitTests", "tests\UnitTests\UnitTests.csproj", "{834D503A-C749-4E26-A61C-161A664F0992}"
EndProject
Project("{FAE04EC0-301F-11D3-BF4B-00C04F79EFBC}") = "IntegrationTests", "tests\IntegrationTests\IntegrationTests.csproj", "{36264310-610A-4CC8-AECC-222D53D73468}"
EndProject
Global
	GlobalSection(SolutionConfigurationPlatforms) = preSolution
		Debug|Any CPU = Debug|Any CPU
		Release|Any CPU = Release|Any CPU
	EndGlobalSection
	GlobalSection(SolutionProperties) = preSolution
		HideSolutionNode = FALSE
	EndGlobalSection
	GlobalSection(NestedProjects) = preSolution
		{BEF9FF16-56C1-4D0E-8CE3-171D8FA6E14B} = {7B62B6E0-6358-49F6-95C6-3CE5F713B370}
		{2C03C042-BC6D-4D09-BED0-311629DF9A96} = {7B62B6E0-6358-49F6-95C6-3CE5F713B370}
		{863F4720-4A96-4390-887C-BB2FAD18C5A0} = {7B62B6E0-6358-49F6-95C6-3CE5F713B370}
		{B486D6CD-3E1F-44A6-8A63-D0C2F2F0D5DA} = {7B62B6E0-6358-49F6-95C6-3CE5F713B370}
		{B72C901C-51F9-4027-8F2C-08D1F4A95368} = {7B62B6E0-6358-49F6-95C6-3CE5F713B370}
		{834D503A-C749-4E26-A61C-161A664F0992} = {77A61826-2CE1-4393-B248-5D5BC250C8EF}
		{36264310-610A-4CC8-AECC-222D53D73468} = {77A61826-2CE1-4393-B248-5D5BC250C8EF}
	EndGlobalSection
	GlobalSection(ProjectConfigurationPlatforms) = postSolution
		{BEF9FF16-56C1-4D0E-8CE3-171D8FA6E14B}.Debug|Any CPU.ActiveCfg = Debug|Any CPU
		{BEF9FF16-56C1-4D0E-8CE3-171D8FA6E14B}.Debug|Any CPU.Build.0 = Debug|Any CPU
		{BEF9FF16-56C1-4D0E-8CE3-171D8FA6E14B}.Release|Any CPU.ActiveCfg = Release|Any CPU
		{BEF9FF16-56C1-4D0E-8CE3-171D8FA6E14B}.Release|Any CPU.Build.0 = Release|Any CPU
		{2C03C042-BC6D-4D09-BED0-311629DF9A96}.Debug|Any CPU.ActiveCfg = Debug|Any CPU
		{2C03C042-BC6D-4D09-BED0-311629DF9A96}.Debug|Any CPU.Build.0 = Debug|Any CPU
		{2C03C042-BC6D-4D09-BED0-311629DF9A96}.Release|Any CPU.ActiveCfg = Release|Any CPU
		{2C03C042-BC6D-4D09-BED0-311629DF9A96}.Release|Any CPU.Build.0 = Release|Any CPU
		{863F4720-4A96-4390-887C-BB2FAD18C5A0}.Debug|Any CPU.ActiveCfg = Debug|Any CPU
		{863F4720-4A96-4390-887C-BB2FAD18C5A0}.Debug|Any CPU.Build.0 = Debug|Any CPU
		{863F4720-4A96-4390-887C-BB2FAD18C5A0}.Release|Any CPU.ActiveCfg = Release|Any CPU
		{863F4720-4A96-4390-887C-BB2FAD18C5A0}.Release|Any CPU.Build.0 = Release|Any CPU
		{B486D6CD-3E1F-44A6-8A63-D0C2F2F0D5DA}.Debug|Any CPU.ActiveCfg = Debug|Any CPU
		{B486D6CD-3E1F-44A6-8A63-D0C2F2F0D5DA}.Debug|Any CPU.Build.0 = Debug|Any CPU
		{B486D6CD-3E1F-44A6-8A63-D0C2F2F0D5DA}.Release|Any CPU.ActiveCfg = Release|Any CPU
		{B486D6CD-3E1F-44A6-8A63-D0C2F2F0D5DA}.Release|Any CPU.Build.0 = Release|Any CPU
		{B72C901C-51F9-4027-8F2C-08D1F4A95368}.Debug|Any CPU.ActiveCfg = Debug|Any CPU
		{B72C901C-51F9-4027-8F2C-08D1F4A95368}.Debug|Any CPU.Build.0 = Debug|Any CPU
		{B72C901C-51F9-4027-8F2C-08D1F4A95368}.Release|Any CPU.ActiveCfg = Release|Any CPU
		{B72C901C-51F9-4027-8F2C-08D1F4A95368}.Release|Any CPU.Build.0 = Release|Any CPU
		{834D503A-C749-4E26-A61C-161A664F0992}.Debug|Any CPU.ActiveCfg = Debug|Any CPU
		{834D503A-C749-4E26-A61C-161A664F0992}.Debug|Any CPU.Build.0 = Debug|Any CPU
		{834D503A-C749-4E26-A61C-161A664F0992}.Release|Any CPU.ActiveCfg = Release|Any CPU
		{834D503A-C749-4E26-A61C-161A664F0992}.Release|Any CPU.Build.0 = Release|Any CPU
		{36264310-610A-4CC8-AECC-222D53D73468}.Debug|Any CPU.ActiveCfg = Debug|Any CPU
		{36264310-610A-4CC8-AECC-222D53D73468}.Debug|Any CPU.Build.0 = Debug|Any CPU
		{36264310-610A-4CC8-AECC-222D53D73468}.Release|Any CPU.ActiveCfg = Release|Any CPU
		{36264310-610A-4CC8-AECC-222D53D73468}.Release|Any CPU.Build.0 = Release|Any CPU
	EndGlobalSection
EndGlobal
